// !$*UTF8*$!
{
	archiveVersion = 1;
	classes = {
	};
	objectVersion = 46;
	objects = {

/* Begin PBXBuildFile section */
		958C873C17B65DBA003B74B2 /* Andor3Camera.h in Headers */ = {isa = PBXBuildFile; fileRef = 958C873817B65DBA003B74B2 /* Andor3Camera.h */; settings = {ATTRIBUTES = (Public, ); }; };
		958C873D17B65DBA003B74B2 /* Andor3DetInfoCtrlObj.h in Headers */ = {isa = PBXBuildFile; fileRef = 958C873917B65DBA003B74B2 /* Andor3DetInfoCtrlObj.h */; settings = {ATTRIBUTES = (Public, ); }; };
		958C873E17B65DBA003B74B2 /* Andor3Interface.h in Headers */ = {isa = PBXBuildFile; fileRef = 958C873A17B65DBA003B74B2 /* Andor3Interface.h */; settings = {ATTRIBUTES = (Public, ); }; };
		958C873F17B65DBA003B74B2 /* Andor3SyncCtrlObj.h in Headers */ = {isa = PBXBuildFile; fileRef = 958C873B17B65DBA003B74B2 /* Andor3SyncCtrlObj.h */; settings = {ATTRIBUTES = (Public, ); }; };
		958C874417B65DC9003B74B2 /* Andor3Camera.cpp in Sources */ = {isa = PBXBuildFile; fileRef = 958C874017B65DC9003B74B2 /* Andor3Camera.cpp */; };
		958C874517B65DC9003B74B2 /* Andor3DetInfoCtrlObj.cpp in Sources */ = {isa = PBXBuildFile; fileRef = 958C874117B65DC9003B74B2 /* Andor3DetInfoCtrlObj.cpp */; };
		958C874617B65DC9003B74B2 /* Andor3Interface.cpp in Sources */ = {isa = PBXBuildFile; fileRef = 958C874217B65DC9003B74B2 /* Andor3Interface.cpp */; };
		958C874717B65DC9003B74B2 /* Andor3SyncCtrlObj.cpp in Sources */ = {isa = PBXBuildFile; fileRef = 958C874317B65DC9003B74B2 /* Andor3SyncCtrlObj.cpp */; };
		95E42AF6181DBB3D0090742A /* Andor3BinCtrlObj.h in Headers */ = {isa = PBXBuildFile; fileRef = 95E42AF4181DBB3D0090742A /* Andor3BinCtrlObj.h */; settings = {ATTRIBUTES = (Public, ); }; };
		95E42AF7181DBB3D0090742A /* Andor3RoiCtrlObj.h in Headers */ = {isa = PBXBuildFile; fileRef = 95E42AF5181DBB3D0090742A /* Andor3RoiCtrlObj.h */; settings = {ATTRIBUTES = (Public, ); }; };
		95E42AFA181DBB4D0090742A /* Andor3BinCtrlObj.cpp in Sources */ = {isa = PBXBuildFile; fileRef = 95E42AF8181DBB4D0090742A /* Andor3BinCtrlObj.cpp */; };
		95E42AFB181DBB4D0090742A /* Andor3RoiCtrlObj.cpp in Sources */ = {isa = PBXBuildFile; fileRef = 95E42AF9181DBB4D0090742A /* Andor3RoiCtrlObj.cpp */; };
/* End PBXBuildFile section */

/* Begin PBXFileReference section */
		95365B76152449960099116D /* common */ = {isa = PBXFileReference; lastKnownFileType = folder; name = common; path = ../../common; sourceTree = "<group>"; };
		95365B77152449960099116D /* control */ = {isa = PBXFileReference; lastKnownFileType = folder; name = control; path = ../../control; sourceTree = "<group>"; };
		95365B78152449960099116D /* hardware */ = {isa = PBXFileReference; lastKnownFileType = folder; name = hardware; path = ../../hardware; sourceTree = "<group>"; };
		956C320F1523BB6B00F0632C /* andor3.dylib */ = {isa = PBXFileReference; explicitFileType = "compiled.mach-o.dylib"; includeInIndex = 0; path = andor3.dylib; sourceTree = BUILT_PRODUCTS_DIR; };
		956C32141523BB6C00F0632C /* andor3Proj.xcconfig */ = {isa = PBXFileReference; lastKnownFileType = text.xcconfig; path = andor3Proj.xcconfig; sourceTree = "<group>"; };
		956C32151523BB6C00F0632C /* andor3Target.xcconfig */ = {isa = PBXFileReference; lastKnownFileType = text.xcconfig; path = andor3Target.xcconfig; sourceTree = "<group>"; };
		95848CF5180D9D96004B7C8A /* imxpad */ = {isa = PBXFileReference; lastKnownFileType = folder; name = imxpad; path = ../imxpad; sourceTree = "<group>"; };
		95848CF6180D9EEB004B7C8A /* xh */ = {isa = PBXFileReference; lastKnownFileType = folder; name = xh; path = ../xh; sourceTree = "<group>"; };
		95848CF7180D9F09004B7C8A /* pointgrey */ = {isa = PBXFileReference; lastKnownFileType = folder; name = pointgrey; path = ../pointgrey; sourceTree = "<group>"; };
		95848CF8180D9F34004B7C8A /* dexela */ = {isa = PBXFileReference; lastKnownFileType = folder; name = dexela; path = ../dexela; sourceTree = "<group>"; };
		958C873817B65DBA003B74B2 /* Andor3Camera.h */ = {isa = PBXFileReference; fileEncoding = 4; lastKnownFileType = sourcecode.c.h; path = Andor3Camera.h; sourceTree = "<group>"; };
		958C873917B65DBA003B74B2 /* Andor3DetInfoCtrlObj.h */ = {isa = PBXFileReference; fileEncoding = 4; lastKnownFileType = sourcecode.c.h; path = Andor3DetInfoCtrlObj.h; sourceTree = "<group>"; };
		958C873A17B65DBA003B74B2 /* Andor3Interface.h */ = {isa = PBXFileReference; fileEncoding = 4; lastKnownFileType = sourcecode.c.h; path = Andor3Interface.h; sourceTree = "<group>"; };
		958C873B17B65DBA003B74B2 /* Andor3SyncCtrlObj.h */ = {isa = PBXFileReference; fileEncoding = 4; lastKnownFileType = sourcecode.c.h; path = Andor3SyncCtrlObj.h; sourceTree = "<group>"; };
		958C874017B65DC9003B74B2 /* Andor3Camera.cpp */ = {isa = PBXFileReference; fileEncoding = 4; lastKnownFileType = sourcecode.cpp.cpp; path = Andor3Camera.cpp; sourceTree = "<group>"; };
		958C874117B65DC9003B74B2 /* Andor3DetInfoCtrlObj.cpp */ = {isa = PBXFileReference; fileEncoding = 4; lastKnownFileType = sourcecode.cpp.cpp; path = Andor3DetInfoCtrlObj.cpp; sourceTree = "<group>"; };
		958C874217B65DC9003B74B2 /* Andor3Interface.cpp */ = {isa = PBXFileReference; fileEncoding = 4; lastKnownFileType = sourcecode.cpp.cpp; path = Andor3Interface.cpp; sourceTree = "<group>"; };
		958C874317B65DC9003B74B2 /* Andor3SyncCtrlObj.cpp */ = {isa = PBXFileReference; fileEncoding = 4; lastKnownFileType = sourcecode.cpp.cpp; path = Andor3SyncCtrlObj.cpp; sourceTree = "<group>"; };
		958C874817B65DD0003B74B2 /* Makefile */ = {isa = PBXFileReference; fileEncoding = 4; lastKnownFileType = sourcecode.make; path = Makefile; sourceTree = "<group>"; };
		958C874A17B65DDC003B74B2 /* Makefile */ = {isa = PBXFileReference; fileEncoding = 4; lastKnownFileType = sourcecode.make; path = Makefile; sourceTree = "<group>"; };
		958C874C17B65DE8003B74B2 /* Andor3Camera.sip */ = {isa = PBXFileReference; lastKnownFileType = text; path = Andor3Camera.sip; sourceTree = "<group>"; };
		958C874D17B65DE8003B74B2 /* Andor3Interface.sip */ = {isa = PBXFileReference; lastKnownFileType = text; path = Andor3Interface.sip; sourceTree = "<group>"; };
		958C874E17B65DF0003B74B2 /* __init__.py */ = {isa = PBXFileReference; lastKnownFileType = text.script.python; path = __init__.py; sourceTree = "<group>"; };
		958C874F17B65E1F003B74B2 /* index.rst */ = {isa = PBXFileReference; lastKnownFileType = text; path = index.rst; sourceTree = "<group>"; };
		958C875017B65E1F003B74B2 /* neo_header.jpg */ = {isa = PBXFileReference; lastKnownFileType = image.jpeg; path = neo_header.jpg; sourceTree = "<group>"; };
		95D5EA221526233B008221ED /* adsc */ = {isa = PBXFileReference; lastKnownFileType = folder; name = adsc; path = ../adsc; sourceTree = "<group>"; };
		95D5EA231526233B008221ED /* andor */ = {isa = PBXFileReference; lastKnownFileType = folder; name = andor; path = ../andor; sourceTree = "<group>"; };
		95D5EA241526233B008221ED /* basler */ = {isa = PBXFileReference; lastKnownFileType = folder; name = basler; path = ../basler; sourceTree = "<group>"; };
		95D5EA251526233B008221ED /* frelon */ = {isa = PBXFileReference; lastKnownFileType = folder; name = frelon; path = ../frelon; sourceTree = "<group>"; };
		95D5EA261526233B008221ED /* marccd */ = {isa = PBXFileReference; lastKnownFileType = folder; name = marccd; path = ../marccd; sourceTree = "<group>"; };
		95D5EA271526233B008221ED /* maxipix */ = {isa = PBXFileReference; lastKnownFileType = folder; name = maxipix; path = ../maxipix; sourceTree = "<group>"; };
		95D5EA341526238C008221ED /* simulator */ = {isa = PBXFileReference; lastKnownFileType = folder; name = simulator; path = ../simulator; sourceTree = "<group>"; };
		95D5EA351526238C008221ED /* ueye */ = {isa = PBXFileReference; lastKnownFileType = folder; name = ueye; path = ../ueye; sourceTree = "<group>"; };
		95D5EA361526238C008221ED /* xpad */ = {isa = PBXFileReference; lastKnownFileType = folder; name = xpad; path = ../xpad; sourceTree = "<group>"; };
		95D5EA37152623AF008221ED /* mythen */ = {isa = PBXFileReference; lastKnownFileType = folder; name = mythen; path = ../mythen; sourceTree = "<group>"; };
		95D5EA39152623AF008221ED /* perkinelmer */ = {isa = PBXFileReference; lastKnownFileType = folder; name = perkinelmer; path = ../perkinelmer; sourceTree = "<group>"; };
		95D5EA3D152623EC008221ED /* photonicscience */ = {isa = PBXFileReference; lastKnownFileType = folder; name = photonicscience; path = ../photonicscience; sourceTree = "<group>"; };
		95D5EA3E152623EC008221ED /* pilatus */ = {isa = PBXFileReference; lastKnownFileType = folder; name = pilatus; path = ../pilatus; sourceTree = "<group>"; };
		95D5EA3F152623EC008221ED /* prosilica */ = {isa = PBXFileReference; lastKnownFileType = folder; name = prosilica; path = ../prosilica; sourceTree = "<group>"; };
		95D5EA40152623EC008221ED /* roperscientific */ = {isa = PBXFileReference; lastKnownFileType = folder; name = roperscientific; path = ../roperscientific; sourceTree = "<group>"; };
		95D5EA481526245D008221ED /* include */ = {isa = PBXFileReference; lastKnownFileType = folder; name = include; path = ../pco/include; sourceTree = "<group>"; };
		95D5EA491526245D008221ED /* python */ = {isa = PBXFileReference; lastKnownFileType = folder; name = python; path = ../pco/python; sourceTree = "<group>"; };
		95D5EA4A1526245D008221ED /* sip */ = {isa = PBXFileReference; lastKnownFileType = folder; name = sip; path = ../pco/sip; sourceTree = "<group>"; };
		95D5EA4B1526245D008221ED /* src */ = {isa = PBXFileReference; lastKnownFileType = folder; name = src; path = ../pco/src; sourceTree = "<group>"; };
		95D5EA4C1526245D008221ED /* VERSION */ = {isa = PBXFileReference; lastKnownFileType = text; name = VERSION; path = ../pco/VERSION; sourceTree = "<group>"; };
		95E42AF4181DBB3D0090742A /* Andor3BinCtrlObj.h */ = {isa = PBXFileReference; fileEncoding = 4; lastKnownFileType = sourcecode.c.h; path = Andor3BinCtrlObj.h; sourceTree = "<group>"; };
		95E42AF5181DBB3D0090742A /* Andor3RoiCtrlObj.h */ = {isa = PBXFileReference; fileEncoding = 4; lastKnownFileType = sourcecode.c.h; path = Andor3RoiCtrlObj.h; sourceTree = "<group>"; };
		95E42AF8181DBB4D0090742A /* Andor3BinCtrlObj.cpp */ = {isa = PBXFileReference; fileEncoding = 4; lastKnownFileType = sourcecode.cpp.cpp; path = Andor3BinCtrlObj.cpp; sourceTree = "<group>"; };
		95E42AF9181DBB4D0090742A /* Andor3RoiCtrlObj.cpp */ = {isa = PBXFileReference; fileEncoding = 4; lastKnownFileType = sourcecode.cpp.cpp; path = Andor3RoiCtrlObj.cpp; sourceTree = "<group>"; };
/* End PBXFileReference section */

/* Begin PBXFrameworksBuildPhase section */
		956C320C1523BB6B00F0632C /* Frameworks */ = {
			isa = PBXFrameworksBuildPhase;
			buildActionMask = 2147483647;
			files = (
			);
			runOnlyForDeploymentPostprocessing = 0;
		};
/* End PBXFrameworksBuildPhase section */

/* Begin PBXGroup section */
		955AAC3F17B6584000A74F95 /* include */ = {
			isa = PBXGroup;
			children = (
				958C873817B65DBA003B74B2 /* Andor3Camera.h */,
				958C873917B65DBA003B74B2 /* Andor3DetInfoCtrlObj.h */,
				958C873A17B65DBA003B74B2 /* Andor3Interface.h */,
				958C873B17B65DBA003B74B2 /* Andor3SyncCtrlObj.h */,
				95E42AF5181DBB3D0090742A /* Andor3RoiCtrlObj.h */,
				95E42AF4181DBB3D0090742A /* Andor3BinCtrlObj.h */,
			);
			path = include;
			sourceTree = "<group>";
		};
		956B30DD152621ED00FB4D2D /* Other Cameras */ = {
			isa = PBXGroup;
			children = (
				95D5EA221526233B008221ED /* adsc */,
				95D5EA231526233B008221ED /* andor */,
				95D5EA241526233B008221ED /* basler */,
				95848CF8180D9F34004B7C8A /* dexela */,
				95D5EA251526233B008221ED /* frelon */,
				95848CF5180D9D96004B7C8A /* imxpad */,
				95D5EA261526233B008221ED /* marccd */,
				95D5EA271526233B008221ED /* maxipix */,
				95D5EA37152623AF008221ED /* mythen */,
				95D5EA39152623AF008221ED /* perkinelmer */,
				95D5EA3D152623EC008221ED /* photonicscience */,
				95D5EA4715262449008221ED /* pco */,
				95D5EA3E152623EC008221ED /* pilatus */,
				95848CF7180D9F09004B7C8A /* pointgrey */,
				95D5EA3F152623EC008221ED /* prosilica */,
				95D5EA40152623EC008221ED /* roperscientific */,
				95D5EA341526238C008221ED /* simulator */,
				95D5EA351526238C008221ED /* ueye */,
				95848CF6180D9EEB004B7C8A /* xh */,
				95D5EA361526238C008221ED /* xpad */,
			);
			name = "Other Cameras";
			sourceTree = "<group>";
		};
		956C32101523BB6B00F0632C /* Products */ = {
			isa = PBXGroup;
			children = (
				956C320F1523BB6B00F0632C /* andor3.dylib */,
			);
			name = Products;
			sourceTree = "<group>";
		};
		956C32111523BB6B00F0632C /* andor3 */ = {
			isa = PBXGroup;
			children = (
				956C32141523BB6C00F0632C /* andor3Proj.xcconfig */,
				956C32151523BB6C00F0632C /* andor3Target.xcconfig */,
			);
			path = andor3;
			sourceTree = "<group>";
		};
		95B6658014E983F900A8C6FC = {
			isa = PBXGroup;
			children = (
				95D5EA1D1526230A008221ED /* LIMA-other */,
				956B30DD152621ED00FB4D2D /* Other Cameras */,
				958C874A17B65DDC003B74B2 /* Makefile */,
				955AAC3F17B6584000A74F95 /* include */,
				95B6659E14E9846400A8C6FC /* src */,
				95B6659F14E9847500A8C6FC /* sip */,
				95B665A414E984D800A8C6FC /* python */,
				95B665A814E9851000A8C6FC /* doc */,
				956C32111523BB6B00F0632C /* andor3 */,
				956C32101523BB6B00F0632C /* Products */,
			);
			sourceTree = "<group>";
		};
		95B6659E14E9846400A8C6FC /* src */ = {
			isa = PBXGroup;
			children = (
				958C874817B65DD0003B74B2 /* Makefile */,
				958C874017B65DC9003B74B2 /* Andor3Camera.cpp */,
				958C874117B65DC9003B74B2 /* Andor3DetInfoCtrlObj.cpp */,
				958C874217B65DC9003B74B2 /* Andor3Interface.cpp */,
				958C874317B65DC9003B74B2 /* Andor3SyncCtrlObj.cpp */,
				95E42AF9181DBB4D0090742A /* Andor3RoiCtrlObj.cpp */,
				95E42AF8181DBB4D0090742A /* Andor3BinCtrlObj.cpp */,
			);
			path = src;
			sourceTree = "<group>";
		};
		95B6659F14E9847500A8C6FC /* sip */ = {
			isa = PBXGroup;
			children = (
				958C874C17B65DE8003B74B2 /* Andor3Camera.sip */,
				958C874D17B65DE8003B74B2 /* Andor3Interface.sip */,
			);
			path = sip;
			sourceTree = "<group>";
		};
		95B665A414E984D800A8C6FC /* python */ = {
			isa = PBXGroup;
			children = (
				958C874E17B65DF0003B74B2 /* __init__.py */,
			);
			path = python;
			sourceTree = "<group>";
		};
		95B665A814E9851000A8C6FC /* doc */ = {
			isa = PBXGroup;
			children = (
				958C874F17B65E1F003B74B2 /* index.rst */,
				958C875017B65E1F003B74B2 /* neo_header.jpg */,
			);
			path = doc;
			sourceTree = "<group>";
		};
		95D5EA1D1526230A008221ED /* LIMA-other */ = {
			isa = PBXGroup;
			children = (
				95365B76152449960099116D /* common */,
				95365B77152449960099116D /* control */,
				95365B78152449960099116D /* hardware */,
			);
			name = "LIMA-other";
			sourceTree = "<group>";
		};
		95D5EA4715262449008221ED /* pco */ = {
			isa = PBXGroup;
			children = (
				95D5EA481526245D008221ED /* include */,
				95D5EA491526245D008221ED /* python */,
				95D5EA4A1526245D008221ED /* sip */,
				95D5EA4B1526245D008221ED /* src */,
				95D5EA4C1526245D008221ED /* VERSION */,
			);
			name = pco;
			sourceTree = "<group>";
		};
/* End PBXGroup section */

/* Begin PBXHeadersBuildPhase section */
		956C320D1523BB6B00F0632C /* Headers */ = {
			isa = PBXHeadersBuildPhase;
			buildActionMask = 2147483647;
			files = (
				958C873C17B65DBA003B74B2 /* Andor3Camera.h in Headers */,
				958C873D17B65DBA003B74B2 /* Andor3DetInfoCtrlObj.h in Headers */,
				958C873E17B65DBA003B74B2 /* Andor3Interface.h in Headers */,
				958C873F17B65DBA003B74B2 /* Andor3SyncCtrlObj.h in Headers */,
				95E42AF6181DBB3D0090742A /* Andor3BinCtrlObj.h in Headers */,
				95E42AF7181DBB3D0090742A /* Andor3RoiCtrlObj.h in Headers */,
			);
			runOnlyForDeploymentPostprocessing = 0;
		};
/* End PBXHeadersBuildPhase section */

/* Begin PBXNativeTarget section */
		956C320E1523BB6B00F0632C /* andor3 */ = {
			isa = PBXNativeTarget;
			buildConfigurationList = 956C321C1523BB6C00F0632C /* Build configuration list for PBXNativeTarget "andor3" */;
			buildPhases = (
				956C320B1523BB6B00F0632C /* Sources */,
				956C320C1523BB6B00F0632C /* Frameworks */,
				956C320D1523BB6B00F0632C /* Headers */,
			);
			buildRules = (
			);
			dependencies = (
			);
			name = andor3;
			productName = andor3;
			productReference = 956C320F1523BB6B00F0632C /* andor3.dylib */;
			productType = "com.apple.product-type.library.dynamic";
		};
/* End PBXNativeTarget section */

/* Begin PBXProject section */
		95B6658214E983F900A8C6FC /* Project object */ = {
			isa = PBXProject;
			attributes = {
				LastUpgradeCheck = 0420;
				ORGANIZATIONNAME = IPANEMA;
			};
			buildConfigurationList = 95B6658514E983F900A8C6FC /* Build configuration list for PBXProject "andor3_plugin" */;
			compatibilityVersion = "Xcode 3.2";
			developmentRegion = English;
			hasScannedForEncodings = 0;
			knownRegions = (
				en,
			);
			mainGroup = 95B6658014E983F900A8C6FC;
			productRefGroup = 956C32101523BB6B00F0632C /* Products */;
			projectDirPath = "";
			projectRoot = "";
			targets = (
				956C320E1523BB6B00F0632C /* andor3 */,
			);
		};
/* End PBXProject section */

/* Begin PBXSourcesBuildPhase section */
		956C320B1523BB6B00F0632C /* Sources */ = {
			isa = PBXSourcesBuildPhase;
			buildActionMask = 2147483647;
			files = (
				958C874417B65DC9003B74B2 /* Andor3Camera.cpp in Sources */,
				958C874517B65DC9003B74B2 /* Andor3DetInfoCtrlObj.cpp in Sources */,
				958C874617B65DC9003B74B2 /* Andor3Interface.cpp in Sources */,
				958C874717B65DC9003B74B2 /* Andor3SyncCtrlObj.cpp in Sources */,
				95E42AFA181DBB4D0090742A /* Andor3BinCtrlObj.cpp in Sources */,
				95E42AFB181DBB4D0090742A /* Andor3RoiCtrlObj.cpp in Sources */,
			);
			runOnlyForDeploymentPostprocessing = 0;
		};
/* End PBXSourcesBuildPhase section */

/* Begin XCBuildConfiguration section */
		956C321A1523BB6C00F0632C /* Debug */ = {
			isa = XCBuildConfiguration;
			buildSettings = {
				ALWAYS_SEARCH_USER_PATHS = NO;
				ARCHS = "$(ARCHS_STANDARD_64_BIT)";
				COPY_PHASE_STRIP = NO;
				GCC_C_LANGUAGE_STANDARD = gnu99;
				GCC_DYNAMIC_NO_PIC = NO;
				GCC_ENABLE_OBJC_EXCEPTIONS = YES;
				GCC_OPTIMIZATION_LEVEL = 0;
				GCC_PREPROCESSOR_DEFINITIONS = (
					"DEBUG=1",
					"$(inherited)",
				);
				GCC_SYMBOLS_PRIVATE_EXTERN = NO;
				GCC_VERSION = com.apple.compilers.llvm.clang.1_0;
				GCC_WARN_64_TO_32_BIT_CONVERSION = YES;
				GCC_WARN_ABOUT_MISSING_PROTOTYPES = YES;
				GCC_WARN_ABOUT_RETURN_TYPE = YES;
				GCC_WARN_UNUSED_VARIABLE = YES;
				HEADER_SEARCH_PATHS = (
					"\"$(SRCROOT)/../../../andor3-tests/andor-include\"",
					"\"$(SRCROOT)/../../common/include\"",
					"\"$(SRCROOT)/../../hardware/include\"",
					"\"$(SRCROOT)/include\"",
				);
				LIBRARY_SEARCH_PATHS = (
					"$(inherited)",
					"\"$(SRCROOT)/../adsc/sdk/adsc_sources/lib/linux\"",
					"\"$(SRCROOT)/../pco/sdk/pco-sdk-113/lib\"",
					"\"$(SRCROOT)/../pco/sdk/pco-sdk-113/lib64\"",
					"\"$(SRCROOT)/../photonicscience/sdk/ImageStar4022_v1.7\"",
				);
				MACOSX_DEPLOYMENT_TARGET = 10.6;
				ONLY_ACTIVE_ARCH = YES;
				PRODUCT_NAME = "$(TARGET_NAME)";
				SDKROOT = macosx;
			};
			name = Debug;
		};
		956C321B1523BB6C00F0632C /* Release */ = {
			isa = XCBuildConfiguration;
			buildSettings = {
				ALWAYS_SEARCH_USER_PATHS = NO;
				ARCHS = "$(ARCHS_STANDARD_64_BIT)";
				COPY_PHASE_STRIP = YES;
				DEBUG_INFORMATION_FORMAT = "dwarf-with-dsym";
				GCC_C_LANGUAGE_STANDARD = gnu99;
				GCC_ENABLE_OBJC_EXCEPTIONS = YES;
				GCC_VERSION = com.apple.compilers.llvm.clang.1_0;
				GCC_WARN_64_TO_32_BIT_CONVERSION = YES;
				GCC_WARN_ABOUT_MISSING_PROTOTYPES = YES;
				GCC_WARN_ABOUT_RETURN_TYPE = YES;
				GCC_WARN_UNUSED_VARIABLE = YES;
				HEADER_SEARCH_PATHS = (
					"\"$(SRCROOT)/../../../andor3-tests/andor-include\"",
					"\"$(SRCROOT)/../../common/include\"",
					"\"$(SRCROOT)/../../hardware/include\"",
					"\"$(SRCROOT)/include\"",
				);
				LIBRARY_SEARCH_PATHS = (
					"$(inherited)",
					"\"$(SRCROOT)/../adsc/sdk/adsc_sources/lib/linux\"",
					"\"$(SRCROOT)/../pco/sdk/pco-sdk-113/lib\"",
					"\"$(SRCROOT)/../pco/sdk/pco-sdk-113/lib64\"",
					"\"$(SRCROOT)/../photonicscience/sdk/ImageStar4022_v1.7\"",
				);
				MACOSX_DEPLOYMENT_TARGET = 10.6;
				PRODUCT_NAME = "$(TARGET_NAME)";
				SDKROOT = macosx;
			};
			name = Release;
		};
		95B6658714E983F900A8C6FC /* Debug */ = {
			isa = XCBuildConfiguration;
			buildSettings = {
			};
			name = Debug;
		};
		95B6658814E983F900A8C6FC /* Release */ = {
			isa = XCBuildConfiguration;
			buildSettings = {
			};
			name = Release;
		};
/* End XCBuildConfiguration section */

/* Begin XCConfigurationList section */
		956C321C1523BB6C00F0632C /* Build configuration list for PBXNativeTarget "andor3" */ = {
			isa = XCConfigurationList;
			buildConfigurations = (
				956C321A1523BB6C00F0632C /* Debug */,
				956C321B1523BB6C00F0632C /* Release */,
			);
			defaultConfigurationIsVisible = 0;
			defaultConfigurationName = Release;
		};
		95B6658514E983F900A8C6FC /* Build configuration list for PBXProject "andor3_plugin" */ = {
			isa = XCConfigurationList;
			buildConfigurations = (
				95B6658714E983F900A8C6FC /* Debug */,
				95B6658814E983F900A8C6FC /* Release */,
			);
			defaultConfigurationIsVisible = 0;
			defaultConfigurationName = Release;
		};
/* End XCConfigurationList section */
	};
	rootObject = 95B6658214E983F900A8C6FC /* Project object */;
}
